
Microsoft Visual Studio Solution File, Format Version 12.00
# Visual Studio Version 17
VisualStudioVersion = 17.7.34009.444
MinimumVisualStudioVersion = 10.0.40219.1
Project("{FAE04EC0-301F-11D3-BF4B-00C04F79EFBC}") = "WebApplication1", "WebApplication1\WebApplication1.csproj", "{1DC2A436-B8F8-479E-988A-6708E620BFC1}"
EndProject
Global
	GlobalSection(SolutionConfigurationPlatforms) = preSolution
		Debug|Any CPU = Debug|Any CPU
		Release|Any CPU = Release|Any CPU
	EndGlobalSection
	GlobalSection(ProjectConfigurationPlatforms) = postSolution
		{1DC2A436-B8F8-479E-988A-6708E620BFC1}.Debug|Any CPU.ActiveCfg = Debug|Any CPU
		{1DC2A436-B8F8-479E-988A-6708E620BFC1}.Debug|Any CPU.Build.0 = Debug|Any CPU
		{1DC2A436-B8F8-479E-988A-6708E620BFC1}.Release|Any CPU.ActiveCfg = Release|Any CPU
		{1DC2A436-B8F8-479E-988A-6708E620BFC1}.Release|Any CPU.Build.0 = Release|Any CPU
	EndGlobalSection
	GlobalSection(SolutionProperties) = preSolution
		HideSolutionNode = FALSE
	EndGlobalSection
	GlobalSection(ExtensibilityGlobals) = postSolution
		SolutionGuid = {6C368364-A8E3-4771-935F-DF54038DCAC9}
	EndGlobalSection
EndGlobal
